// !$*UTF8*$!
{
	archiveVersion = 1;
	classes = {
	};
	objectVersion = 50;
	objects = {

/* Begin PBXBuildFile section */
		1C9D9E9121FC94E9003A84B9 /* stack.cpp in Sources */ = {isa = PBXBuildFile; fileRef = 1C9D9E9021FC94E9003A84B9 /* stack.cpp */; };
		1CA54B0C21FA071B0053B047 /* main.cpp in Sources */ = {isa = PBXBuildFile; fileRef = 1CA54B0B21FA071B0053B047 /* main.cpp */; };
		1CA54B1421FA0A0D0053B047 /* globalVar.cpp in Sources */ = {isa = PBXBuildFile; fileRef = 1CA54B1321FA0A0D0053B047 /* globalVar.cpp */; };
		1CA54B1621FA0A9B0053B047 /* fileIO.cpp in Sources */ = {isa = PBXBuildFile; fileRef = 1CA54B1521FA0A9B0053B047 /* fileIO.cpp */; };
		1CA54B1821FA0F0F0053B047 /* listOperate.cpp in Sources */ = {isa = PBXBuildFile; fileRef = 1CA54B1721FA0F0F0053B047 /* listOperate.cpp */; };
		1CA9D9B921FB15F900B229F3 /* solver.cpp in Sources */ = {isa = PBXBuildFile; fileRef = 1CA9D9B821FB15F900B229F3 /* solver.cpp */; };
		1CDBA8B22203166D00EC8B75 /* display.cpp in Sources */ = {isa = PBXBuildFile; fileRef = 1CDBA8B12203166D00EC8B75 /* display.cpp */; };
		1CDBA8B422031AB900EC8B75 /* timeCal.cpp in Sources */ = {isa = PBXBuildFile; fileRef = 1CDBA8B322031AB900EC8B75 /* timeCal.cpp */; };
/* End PBXBuildFile section */

/* Begin PBXCopyFilesBuildPhase section */
		1CA54B0621FA071B0053B047 /* CopyFiles */ = {
			isa = PBXCopyFilesBuildPhase;
			buildActionMask = 2147483647;
			dstPath = /usr/share/man/man1/;
			dstSubfolderSpec = 0;
			files = (
			);
			runOnlyForDeploymentPostprocessing = 1;
		};
/* End PBXCopyFilesBuildPhase section */

/* Begin PBXFileReference section */
		1C9D9E9021FC94E9003A84B9 /* stack.cpp */ = {isa = PBXFileReference; lastKnownFileType = sourcecode.cpp.cpp; path = stack.cpp; sourceTree = "<group>"; };
		1CA54B0821FA071B0053B047 /* SATsolver */ = {isa = PBXFileReference; explicitFileType = "compiled.mach-o.executable"; includeInIndex = 0; path = SATsolver; sourceTree = BUILT_PRODUCTS_DIR; };
		1CA54B0B21FA071B0053B047 /* main.cpp */ = {isa = PBXFileReference; lastKnownFileType = sourcecode.cpp.cpp; path = main.cpp; sourceTree = "<group>"; };
		1CA54B1221FA074C0053B047 /* SATsolver.h */ = {isa = PBXFileReference; lastKnownFileType = sourcecode.c.h; path = SATsolver.h; sourceTree = "<group>"; };
		1CA54B1321FA0A0D0053B047 /* globalVar.cpp */ = {isa = PBXFileReference; lastKnownFileType = sourcecode.cpp.cpp; path = globalVar.cpp; sourceTree = "<group>"; };
		1CA54B1521FA0A9B0053B047 /* fileIO.cpp */ = {isa = PBXFileReference; lastKnownFileType = sourcecode.cpp.cpp; path = fileIO.cpp; sourceTree = "<group>"; };
		1CA54B1721FA0F0F0053B047 /* listOperate.cpp */ = {isa = PBXFileReference; lastKnownFileType = sourcecode.cpp.cpp; path = listOperate.cpp; sourceTree = "<group>"; };
		1CA9D9B821FB15F900B229F3 /* solver.cpp */ = {isa = PBXFileReference; lastKnownFileType = sourcecode.cpp.cpp; path = solver.cpp; sourceTree = "<group>"; };
		1CDBA8B12203166D00EC8B75 /* display.cpp */ = {isa = PBXFileReference; lastKnownFileType = sourcecode.cpp.cpp; path = display.cpp; sourceTree = "<group>"; };
		1CDBA8B322031AB900EC8B75 /* timeCal.cpp */ = {isa = PBXFileReference; lastKnownFileType = sourcecode.cpp.cpp; path = timeCal.cpp; sourceTree = "<group>"; };
/* End PBXFileReference section */

/* Begin PBXFrameworksBuildPhase section */
		1CA54B0521FA071B0053B047 /* Frameworks */ = {
			isa = PBXFrameworksBuildPhase;
			buildActionMask = 2147483647;
			files = (
			);
			runOnlyForDeploymentPostprocessing = 0;
		};
/* End PBXFrameworksBuildPhase section */

/* Begin PBXGroup section */
		1CA54AFF21FA071B0053B047 = {
			isa = PBXGroup;
			children = (
				1CA54B0A21FA071B0053B047 /* SATsolver */,
				1CA54B0921FA071B0053B047 /* Products */,
			);
			sourceTree = "<group>";
		};
		1CA54B0921FA071B0053B047 /* Products */ = {
			isa = PBXGroup;
			children = (
				1CA54B0821FA071B0053B047 /* SATsolver */,
			);
			name = Products;
			sourceTree = "<group>";
		};
		1CA54B0A21FA071B0053B047 /* SATsolver */ = {
			isa = PBXGroup;
			children = (
				1CA54B1221FA074C0053B047 /* SATsolver.h */,
				1CA54B0B21FA071B0053B047 /* main.cpp */,
				1CA54B1321FA0A0D0053B047 /* globalVar.cpp */,
				1CA54B1521FA0A9B0053B047 /* fileIO.cpp */,
				1CA54B1721FA0F0F0053B047 /* listOperate.cpp */,
				1CA9D9B821FB15F900B229F3 /* solver.cpp */,
				1C9D9E9021FC94E9003A84B9 /* stack.cpp */,
				1CDBA8B12203166D00EC8B75 /* display.cpp */,
				1CDBA8B322031AB900EC8B75 /* timeCal.cpp */,
			);
			path = SATsolver;
			sourceTree = "<group>";
		};
/* End PBXGroup section */

/* Begin PBXNativeTarget section */
		1CA54B0721FA071B0053B047 /* SATsolver */ = {
			isa = PBXNativeTarget;
			buildConfigurationList = 1CA54B0F21FA071B0053B047 /* Build configuration list for PBXNativeTarget "SATsolver" */;
			buildPhases = (
				1CA54B0421FA071B0053B047 /* Sources */,
				1CA54B0521FA071B0053B047 /* Frameworks */,
				1CA54B0621FA071B0053B047 /* CopyFiles */,
			);
			buildRules = (
			);
			dependencies = (
			);
			name = SATsolver;
			productName = SATsolver;
			productReference = 1CA54B0821FA071B0053B047 /* SATsolver */;
			productType = "com.apple.product-type.tool";
		};
/* End PBXNativeTarget section */

/* Begin PBXProject section */
		1CA54B0021FA071B0053B047 /* Project object */ = {
			isa = PBXProject;
			attributes = {
				LastUpgradeCheck = 1010;
				ORGANIZATIONNAME = "袁博实";
				TargetAttributes = {
					1CA54B0721FA071B0053B047 = {
						CreatedOnToolsVersion = 10.1;
					};
				};
			};
			buildConfigurationList = 1CA54B0321FA071B0053B047 /* Build configuration list for PBXProject "SATsolver" */;
			compatibilityVersion = "Xcode 9.3";
			developmentRegion = en;
			hasScannedForEncodings = 0;
			knownRegions = (
				en,
			);
			mainGroup = 1CA54AFF21FA071B0053B047;
			productRefGroup = 1CA54B0921FA071B0053B047 /* Products */;
			projectDirPath = "";
			projectRoot = "";
			targets = (
				1CA54B0721FA071B0053B047 /* SATsolver */,
			);
		};
/* End PBXProject section */

/* Begin PBXSourcesBuildPhase section */
		1CA54B0421FA071B0053B047 /* Sources */ = {
			isa = PBXSourcesBuildPhase;
			buildActionMask = 2147483647;
			files = (
				1CA9D9B921FB15F900B229F3 /* solver.cpp in Sources */,
				1CA54B1821FA0F0F0053B047 /* listOperate.cpp in Sources */,
				1CA54B1421FA0A0D0053B047 /* globalVar.cpp in Sources */,
				1CDBA8B422031AB900EC8B75 /* timeCal.cpp in Sources */,
				1CA54B0C21FA071B0053B047 /* main.cpp in Sources */,
				1CDBA8B22203166D00EC8B75 /* display.cpp in Sources */,
				1C9D9E9121FC94E9003A84B9 /* stack.cpp in Sources */,
				1CA54B1621FA0A9B0053B047 /* fileIO.cpp in Sources */,
			);
			runOnlyForDeploymentPostprocessing = 0;
		};
/* End PBXSourcesBuildPhase section */

/* Begin XCBuildConfiguration section */
		1CA54B0D21FA071B0053B047 /* Debug */ = {
			isa = XCBuildConfiguration;
			buildSettings = {
				ALWAYS_SEARCH_USER_PATHS = NO;
				CLANG_ANALYZER_NONNULL = YES;
				CLANG_ANALYZER_NUMBER_OBJECT_CONVERSION = YES_AGGRESSIVE;
				CLANG_CXX_LANGUAGE_STANDARD = "gnu++14";
				CLANG_CXX_LIBRARY = "libc++";
				CLANG_ENABLE_MODULES = YES;
				CLANG_ENABLE_OBJC_ARC = YES;
				CLANG_ENABLE_OBJC_WEAK = YES;
				CLANG_WARN_BLOCK_CAPTURE_AUTORELEASING = YES;
				CLANG_WARN_BOOL_CONVERSION = YES;
				CLANG_WARN_COMMA = YES;
				CLANG_WARN_CONSTANT_CONVERSION = YES;
				CLANG_WARN_DEPRECATED_OBJC_IMPLEMENTATIONS = YES;
				CLANG_WARN_DIRECT_OBJC_ISA_USAGE = YES_ERROR;
				CLANG_WARN_DOCUMENTATION_COMMENTS = YES;
				CLANG_WARN_EMPTY_BODY = YES;
				CLANG_WARN_ENUM_CONVERSION = YES;
				CLANG_WARN_INFINITE_RECURSION = YES;
				CLANG_WARN_INT_CONVERSION = YES;
				CLANG_WARN_NON_LITERAL_NULL_CONVERSION = YES;
				CLANG_WARN_OBJC_IMPLICIT_RETAIN_SELF = YES;
				CLANG_WARN_OBJC_LITERAL_CONVERSION = YES;
				CLANG_WARN_OBJC_ROOT_CLASS = YES_ERROR;
				CLANG_WARN_RANGE_LOOP_ANALYSIS = YES;
				CLANG_WARN_STRICT_PROTOTYPES = YES;
				CLANG_WARN_SUSPICIOUS_MOVE = YES;
				CLANG_WARN_UNGUARDED_AVAILABILITY = YES_AGGRESSIVE;
				CLANG_WARN_UNREACHABLE_CODE = YES;
				CLANG_WARN__DUPLICATE_METHOD_MATCH = YES;
				CODE_SIGN_IDENTITY = "-";
				COPY_PHASE_STRIP = NO;
				DEBUG_INFORMATION_FORMAT = dwarf;
				ENABLE_STRICT_OBJC_MSGSEND = YES;
				ENABLE_TESTABILITY = YES;
				GCC_C_LANGUAGE_STANDARD = gnu11;
				GCC_DYNAMIC_NO_PIC = NO;
				GCC_NO_COMMON_BLOCKS = YES;
				GCC_OPTIMIZATION_LEVEL = 0;
				GCC_PREPROCESSOR_DEFINITIONS = (
					"DEBUG=1",
					"$(inherited)",
				);
				GCC_WARN_64_TO_32_BIT_CONVERSION = YES;
				GCC_WARN_ABOUT_RETURN_TYPE = YES_ERROR;
				GCC_WARN_UNDECLARED_SELECTOR = YES;
				GCC_WARN_UNINITIALIZED_AUTOS = YES_AGGRESSIVE;
				GCC_WARN_UNUSED_FUNCTION = YES;
				GCC_WARN_UNUSED_VARIABLE = YES;
				MACOSX_DEPLOYMENT_TARGET = 10.14;
				MTL_ENABLE_DEBUG_INFO = INCLUDE_SOURCE;
				MTL_FAST_MATH = YES;
				ONLY_ACTIVE_ARCH = YES;
				SDKROOT = macosx;
			};
			name = Debug;
		};
		1CA54B0E21FA071B0053B047 /* Release */ = {
			isa = XCBuildConfiguration;
			buildSettings = {
				ALWAYS_SEARCH_USER_PATHS = NO;
				CLANG_ANALYZER_NONNULL = YES;
				CLANG_ANALYZER_NUMBER_OBJECT_CONVERSION = YES_AGGRESSIVE;
				CLANG_CXX_LANGUAGE_STANDARD = "gnu++14";
				CLANG_CXX_LIBRARY = "libc++";
				CLANG_ENABLE_MODULES = YES;
				CLANG_ENABLE_OBJC_ARC = YES;
				CLANG_ENABLE_OBJC_WEAK = YES;
				CLANG_WARN_BLOCK_CAPTURE_AUTORELEASING = YES;
				CLANG_WARN_BOOL_CONVERSION = YES;
				CLANG_WARN_COMMA = YES;
				CLANG_WARN_CONSTANT_CONVERSION = YES;
				CLANG_WARN_DEPRECATED_OBJC_IMPLEMENTATIONS = YES;
				CLANG_WARN_DIRECT_OBJC_ISA_USAGE = YES_ERROR;
				CLANG_WARN_DOCUMENTATION_COMMENTS = YES;
				CLANG_WARN_EMPTY_BODY = YES;
				CLANG_WARN_ENUM_CONVERSION = YES;
				CLANG_WARN_INFINITE_RECURSION = YES;
				CLANG_WARN_INT_CONVERSION = YES;
				CLANG_WARN_NON_LITERAL_NULL_CONVERSION = YES;
				CLANG_WARN_OBJC_IMPLICIT_RETAIN_SELF = YES;
				CLANG_WARN_OBJC_LITERAL_CONVERSION = YES;
				CLANG_WARN_OBJC_ROOT_CLASS = YES_ERROR;
				CLANG_WARN_RANGE_LOOP_ANALYSIS = YES;
				CLANG_WARN_STRICT_PROTOTYPES = YES;
				CLANG_WARN_SUSPICIOUS_MOVE = YES;
				CLANG_WARN_UNGUARDED_AVAILABILITY = YES_AGGRESSIVE;
				CLANG_WARN_UNREACHABLE_CODE = YES;
				CLANG_WARN__DUPLICATE_METHOD_MATCH = YES;
				CODE_SIGN_IDENTITY = "-";
				COPY_PHASE_STRIP = NO;
				DEBUG_INFORMATION_FORMAT = "dwarf-with-dsym";
				ENABLE_NS_ASSERTIONS = NO;
				ENABLE_STRICT_OBJC_MSGSEND = YES;
				GCC_C_LANGUAGE_STANDARD = gnu11;
				GCC_NO_COMMON_BLOCKS = YES;
				GCC_WARN_64_TO_32_BIT_CONVERSION = YES;
				GCC_WARN_ABOUT_RETURN_TYPE = YES_ERROR;
				GCC_WARN_UNDECLARED_SELECTOR = YES;
				GCC_WARN_UNINITIALIZED_AUTOS = YES_AGGRESSIVE;
				GCC_WARN_UNUSED_FUNCTION = YES;
				GCC_WARN_UNUSED_VARIABLE = YES;
				MACOSX_DEPLOYMENT_TARGET = 10.14;
				MTL_ENABLE_DEBUG_INFO = NO;
				MTL_FAST_MATH = YES;
				SDKROOT = macosx;
			};
			name = Release;
		};
		1CA54B1021FA071B0053B047 /* Debug */ = {
			isa = XCBuildConfiguration;
			buildSettings = {
				CODE_SIGN_STYLE = Automatic;
				PRODUCT_NAME = "$(TARGET_NAME)";
			};
			name = Debug;
		};
		1CA54B1121FA071B0053B047 /* Release */ = {
			isa = XCBuildConfiguration;
			buildSettings = {
				CODE_SIGN_STYLE = Automatic;
				PRODUCT_NAME = "$(TARGET_NAME)";
			};
			name = Release;
		};
/* End XCBuildConfiguration section */

/* Begin XCConfigurationList section */
		1CA54B0321FA071B0053B047 /* Build configuration list for PBXProject "SATsolver" */ = {
			isa = XCConfigurationList;
			buildConfigurations = (
				1CA54B0D21FA071B0053B047 /* Debug */,
				1CA54B0E21FA071B0053B047 /* Release */,
			);
			defaultConfigurationIsVisible = 0;
			defaultConfigurationName = Release;
		};
		1CA54B0F21FA071B0053B047 /* Build configuration list for PBXNativeTarget "SATsolver" */ = {
			isa = XCConfigurationList;
			buildConfigurations = (
				1CA54B1021FA071B0053B047 /* Debug */,
				1CA54B1121FA071B0053B047 /* Release */,
			);
			defaultConfigurationIsVisible = 0;
			defaultConfigurationName = Release;
		};
/* End XCConfigurationList section */
	};
	rootObject = 1CA54B0021FA071B0053B047 /* Project object */;
}
